# THIS IS AN AUTOGENERATED FILE. DO NOT EDIT THIS FILE DIRECTLY.
# yarn lockfile v1


react-native-snackbar@^2.4.0:
  version "2.4.0"
  resolved "https://registry.yarnpkg.com/react-native-snackbar/-/react-native-snackbar-2.4.0.tgz#dd9687f5228e379ecd57678a921e546331681bcf"
  integrity sha512-xEDIDxw0ubBHrsvzaMfrZlFoy+ai1WEJZQwyAsG55fqYxUfQM20h+V4v25u+/H/YKY7ZCRMdCZ8zB5JOnbvCQw==
